{
  "name": "care-connect-pro-api",
  "lockfileVersion": 3,
  "requires": true,
  "packages": {
    "": {
      "name": "care-connect-pro-api",
      "dependencies": {
        "care-connect-pro-server": "file:../care-connect-server",
        "serverless-http": "^3.2.0"
      },
      "engines": {
        "node": ">=18"
      }
    },
    "../care-connect-server": {
      "name": "care-connect-pro-server",
      "version": "1.0.0",
      "dependencies": {
        "bcryptjs": "^2.4.3",
        "cors": "^2.8.5",
        "dotenv": "^16.4.5",
        "express": "^4.19.2",
        "express-mongo-sanitize": "^2.2.0",
        "express-rate-limit": "^7.4.0",
        "express-validator": "^7.2.1",
        "helmet": "^7.1.0",
        "jsonwebtoken": "^9.0.2",
        "mongoose": "^8.8.0",
        "morgan": "^1.10.0",
        "multer": "^1.4.5-lts.1",
        "pdfkit": "^0.15.0",
        "xss-clean": "^0.1.4"
      },
      "devDependencies": {
        "eslint": "^9.0.0",
        "nodemon": "^3.1.7"
      },
      "engines": {
        "node": ">=18.0.0"
      }
    },
    "../server": {
      "name": "care-connect-pro-server",
      "version": "1.0.0",
      "extraneous": true,
      "dependencies": {
        "bcryptjs": "^2.4.3",
        "cors": "^2.8.5",
        "dotenv": "^16.4.5",
        "express": "^4.19.2",
        "express-mongo-sanitize": "^2.2.0",
        "express-rate-limit": "^7.4.0",
        "express-validator": "^7.2.1",
        "helmet": "^7.1.0",
        "jsonwebtoken": "^9.0.2",
        "mongoose": "^8.8.0",
        "morgan": "^1.10.0",
        "multer": "^1.4.5-lts.1",
        "pdfkit": "^0.15.0",
        "xss-clean": "^0.1.4"
      },
      "devDependencies": {
        "eslint": "^9.0.0",
        "nodemon": "^3.1.7"
      },
      "engines": {
        "node": ">=18.0.0"
      }
    },
    "node_modules/care-connect-pro-server": {
      "resolved": "../care-connect-server",
      "link": true
    },
    "node_modules/serverless-http": {
      "version": "3.2.0",
      "resolved": "https://registry.npmjs.org/serverless-http/-/serverless-http-3.2.0.tgz",
      "integrity": "sha512-QvSyZXljRLIGqwcJ4xsKJXwkZnAVkse1OajepxfjkBXV0BMvRS5R546Z4kCBI8IygDzkQY0foNPC/rnipaE9pQ==",
      "license": "MIT",
      "engines": {
        "node": ">=12.0"
      }
    }
  }
}
